
Microsoft Visual Studio Solution File, Format Version 12.00
# Visual Studio Version 17
VisualStudioVersion = 17.7.34018.315
MinimumVisualStudioVersion = 10.0.40219.1
Project("{FAE04EC0-301F-11D3-BF4B-00C04F79EFBC}") = "Delegation", "Delegation\Delegation.csproj", "{79200243-F323-4988-8265-51C0640059FA}"
EndProject
Global
	GlobalSection(SolutionConfigurationPlatforms) = preSolution
		Debug|Any CPU = Debug|Any CPU
		Release|Any CPU = Release|Any CPU
	EndGlobalSection
	GlobalSection(ProjectConfigurationPlatforms) = postSolution
		{79200243-F323-4988-8265-51C0640059FA}.Debug|Any CPU.ActiveCfg = Debug|Any CPU
		{79200243-F323-4988-8265-51C0640059FA}.Debug|Any CPU.Build.0 = Debug|Any CPU
		{79200243-F323-4988-8265-51C0640059FA}.Release|Any CPU.ActiveCfg = Release|Any CPU
		{79200243-F323-4988-8265-51C0640059FA}.Release|Any CPU.Build.0 = Release|Any CPU
	EndGlobalSection
	GlobalSection(SolutionProperties) = preSolution
		HideSolutionNode = FALSE
	EndGlobalSection
	GlobalSection(ExtensibilityGlobals) = postSolution
		SolutionGuid = {2EFD178D-98D9-4061-8C01-FC6615DF7EF9}
	EndGlobalSection
EndGlobal
