
Microsoft Visual Studio Solution File, Format Version 12.00
# Visual Studio Version 17
VisualStudioVersion = 17.10.35122.118
MinimumVisualStudioVersion = 10.0.40219.1
Project("{FAE04EC0-301F-11D3-BF4B-00C04F79EFBC}") = "pro01", "pro02\pro01.csproj", "{47D88CA4-96EE-47BE-AEE8-0DF6FD893480}"
EndProject
Global
	GlobalSection(SolutionConfigurationPlatforms) = preSolution
		Debug|Any CPU = Debug|Any CPU
		Release|Any CPU = Release|Any CPU
	EndGlobalSection
	GlobalSection(ProjectConfigurationPlatforms) = postSolution
		{47D88CA4-96EE-47BE-AEE8-0DF6FD893480}.Debug|Any CPU.ActiveCfg = Debug|Any CPU
		{47D88CA4-96EE-47BE-AEE8-0DF6FD893480}.Debug|Any CPU.Build.0 = Debug|Any CPU
		{47D88CA4-96EE-47BE-AEE8-0DF6FD893480}.Release|Any CPU.ActiveCfg = Release|Any CPU
		{47D88CA4-96EE-47BE-AEE8-0DF6FD893480}.Release|Any CPU.Build.0 = Release|Any CPU
	EndGlobalSection
	GlobalSection(SolutionProperties) = preSolution
		HideSolutionNode = FALSE
	EndGlobalSection
	GlobalSection(ExtensibilityGlobals) = postSolution
		SolutionGuid = {AC75E635-07B5-47B9-AFBC-18E51C8BFFF0}
	EndGlobalSection
EndGlobal
